
Microsoft Visual Studio Solution File, Format Version 12.00
# Visual Studio Version 17
VisualStudioVersion = 17.13.35931.197 d17.13
MinimumVisualStudioVersion = 10.0.40219.1
Project("{FAE04EC0-301F-11D3-BF4B-00C04F79EFBC}") = "2iDashApp", "..\2iDashApp\2iDashApp.csproj", "{CDE7E60D-4B98-8CB6-A1AC-38EC98D682D2}"
EndProject
Global
	GlobalSection(SolutionConfigurationPlatforms) = preSolution
		Debug|Any CPU = Debug|Any CPU
		Release|Any CPU = Release|Any CPU
	EndGlobalSection
	GlobalSection(ProjectConfigurationPlatforms) = postSolution
		{CDE7E60D-4B98-8CB6-A1AC-38EC98D682D2}.Debug|Any CPU.ActiveCfg = Debug|Any CPU
		{CDE7E60D-4B98-8CB6-A1AC-38EC98D682D2}.Debug|Any CPU.Build.0 = Debug|Any CPU
		{CDE7E60D-4B98-8CB6-A1AC-38EC98D682D2}.Release|Any CPU.ActiveCfg = Release|Any CPU
		{CDE7E60D-4B98-8CB6-A1AC-38EC98D682D2}.Release|Any CPU.Build.0 = Release|Any CPU
	EndGlobalSection
	GlobalSection(SolutionProperties) = preSolution
		HideSolutionNode = FALSE
	EndGlobalSection
	GlobalSection(ExtensibilityGlobals) = postSolution
		SolutionGuid = {4625FD4A-9B0A-49B3-A8B9-D494378437D0}
	EndGlobalSection
EndGlobal
